// !$*UTF8*$!
{
	archiveVersion = 1;
	classes = {
	};
	objectVersion = 50;
	objects = {

/* Begin PBXBuildFile section */
		41DFE89A91BC28FF77015D1D /* Pods_Messenger.framework in Frameworks */ = {isa = PBXBuildFile; fileRef = 929F8818FDC768FE5EFF50BB /* Pods_Messenger.framework */; };
		7A7B15C77D56998AAA8DCB8A /* Pods_Messenger_MessengerUITests.framework in Frameworks */ = {isa = PBXBuildFile; fileRef = 8152691FE93FB50D8D978B7A /* Pods_Messenger_MessengerUITests.framework */; };
		D0BB557E23D7AAB4007518E0 /* AppDelegate.swift in Sources */ = {isa = PBXBuildFile; fileRef = D0BB557D23D7AAB4007518E0 /* AppDelegate.swift */; };
		D0BB558023D7AAB4007518E0 /* SceneDelegate.swift in Sources */ = {isa = PBXBuildFile; fileRef = D0BB557F23D7AAB4007518E0 /* SceneDelegate.swift */; };
		D0BB558223D7AAB4007518E0 /* ContentView.swift in Sources */ = {isa = PBXBuildFile; fileRef = D0BB558123D7AAB4007518E0 /* ContentView.swift */; };
		D0BB558423D7AAB6007518E0 /* Assets.xcassets in Resources */ = {isa = PBXBuildFile; fileRef = D0BB558323D7AAB6007518E0 /* Assets.xcassets */; };
		D0BB558723D7AAB6007518E0 /* Preview Assets.xcassets in Resources */ = {isa = PBXBuildFile; fileRef = D0BB558623D7AAB6007518E0 /* Preview Assets.xcassets */; };
		D0BB558A23D7AAB6007518E0 /* LaunchScreen.storyboard in Resources */ = {isa = PBXBuildFile; fileRef = D0BB558823D7AAB6007518E0 /* LaunchScreen.storyboard */; };
		D0BB559523D7AAB6007518E0 /* MessengerTests.swift in Sources */ = {isa = PBXBuildFile; fileRef = D0BB559423D7AAB6007518E0 /* MessengerTests.swift */; };
		D0BB55A023D7AAB6007518E0 /* MessengerUITests.swift in Sources */ = {isa = PBXBuildFile; fileRef = D0BB559F23D7AAB6007518E0 /* MessengerUITests.swift */; };
		D0BB55AE23D7ABA1007518E0 /* GoogleService-Info.plist in Resources */ = {isa = PBXBuildFile; fileRef = D0BB55AD23D7ABA1007518E0 /* GoogleService-Info.plist */; };
		D4BFD4BF8D0435DD83D8B307 /* Pods_MessengerTests.framework in Frameworks */ = {isa = PBXBuildFile; fileRef = 4D47014C42BAD238165BD939 /* Pods_MessengerTests.framework */; };
/* End PBXBuildFile section */

/* Begin PBXContainerItemProxy section */
		D0BB559123D7AAB6007518E0 /* PBXContainerItemProxy */ = {
			isa = PBXContainerItemProxy;
			containerPortal = D0BB557223D7AAB3007518E0 /* Project object */;
			proxyType = 1;
			remoteGlobalIDString = D0BB557923D7AAB4007518E0;
			remoteInfo = Messenger;
		};
		D0BB559C23D7AAB6007518E0 /* PBXContainerItemProxy */ = {
			isa = PBXContainerItemProxy;
			containerPortal = D0BB557223D7AAB3007518E0 /* Project object */;
			proxyType = 1;
			remoteGlobalIDString = D0BB557923D7AAB4007518E0;
			remoteInfo = Messenger;
		};
/* End PBXContainerItemProxy section */

/* Begin PBXFileReference section */
		15F20F0F6BB283E5B4A565BE /* Pods-Messenger-MessengerUITests.release.xcconfig */ = {isa = PBXFileReference; includeInIndex = 1; lastKnownFileType = text.xcconfig; name = "Pods-Messenger-MessengerUITests.release.xcconfig"; path = "Target Support Files/Pods-Messenger-MessengerUITests/Pods-Messenger-MessengerUITests.release.xcconfig"; sourceTree = "<group>"; };
		1B62A5D3353CD5D0D2B5F2EA /* Pods-MessengerTests.release.xcconfig */ = {isa = PBXFileReference; includeInIndex = 1; lastKnownFileType = text.xcconfig; name = "Pods-MessengerTests.release.xcconfig"; path = "Target Support Files/Pods-MessengerTests/Pods-MessengerTests.release.xcconfig"; sourceTree = "<group>"; };
		4D47014C42BAD238165BD939 /* Pods_MessengerTests.framework */ = {isa = PBXFileReference; explicitFileType = wrapper.framework; includeInIndex = 0; path = Pods_MessengerTests.framework; sourceTree = BUILT_PRODUCTS_DIR; };
		8152691FE93FB50D8D978B7A /* Pods_Messenger_MessengerUITests.framework */ = {isa = PBXFileReference; explicitFileType = wrapper.framework; includeInIndex = 0; path = Pods_Messenger_MessengerUITests.framework; sourceTree = BUILT_PRODUCTS_DIR; };
		88550B7746A1C26FB84CB15D /* Pods-Messenger-MessengerUITests.debug.xcconfig */ = {isa = PBXFileReference; includeInIndex = 1; lastKnownFileType = text.xcconfig; name = "Pods-Messenger-MessengerUITests.debug.xcconfig"; path = "Target Support Files/Pods-Messenger-MessengerUITests/Pods-Messenger-MessengerUITests.debug.xcconfig"; sourceTree = "<group>"; };
		929F8818FDC768FE5EFF50BB /* Pods_Messenger.framework */ = {isa = PBXFileReference; explicitFileType = wrapper.framework; includeInIndex = 0; path = Pods_Messenger.framework; sourceTree = BUILT_PRODUCTS_DIR; };
		9DB4E92957F39DDA2C666454 /* Pods-MessengerTests.debug.xcconfig */ = {isa = PBXFileReference; includeInIndex = 1; lastKnownFileType = text.xcconfig; name = "Pods-MessengerTests.debug.xcconfig"; path = "Target Support Files/Pods-MessengerTests/Pods-MessengerTests.debug.xcconfig"; sourceTree = "<group>"; };
		B96955FFE148D9839DD15871 /* Pods-Messenger.release.xcconfig */ = {isa = PBXFileReference; includeInIndex = 1; lastKnownFileType = text.xcconfig; name = "Pods-Messenger.release.xcconfig"; path = "Target Support Files/Pods-Messenger/Pods-Messenger.release.xcconfig"; sourceTree = "<group>"; };
		D0BB557A23D7AAB4007518E0 /* Messenger.app */ = {isa = PBXFileReference; explicitFileType = wrapper.application; includeInIndex = 0; path = Messenger.app; sourceTree = BUILT_PRODUCTS_DIR; };
		D0BB557D23D7AAB4007518E0 /* AppDelegate.swift */ = {isa = PBXFileReference; lastKnownFileType = sourcecode.swift; path = AppDelegate.swift; sourceTree = "<group>"; };
		D0BB557F23D7AAB4007518E0 /* SceneDelegate.swift */ = {isa = PBXFileReference; lastKnownFileType = sourcecode.swift; path = SceneDelegate.swift; sourceTree = "<group>"; };
		D0BB558123D7AAB4007518E0 /* ContentView.swift */ = {isa = PBXFileReference; lastKnownFileType = sourcecode.swift; path = ContentView.swift; sourceTree = "<group>"; };
		D0BB558323D7AAB6007518E0 /* Assets.xcassets */ = {isa = PBXFileReference; lastKnownFileType = folder.assetcatalog; path = Assets.xcassets; sourceTree = "<group>"; };
		D0BB558623D7AAB6007518E0 /* Preview Assets.xcassets */ = {isa = PBXFileReference; lastKnownFileType = folder.assetcatalog; path = "Preview Assets.xcassets"; sourceTree = "<group>"; };
		D0BB558923D7AAB6007518E0 /* Base */ = {isa = PBXFileReference; lastKnownFileType = file.storyboard; name = Base; path = Base.lproj/LaunchScreen.storyboard; sourceTree = "<group>"; };
		D0BB558B23D7AAB6007518E0 /* Info.plist */ = {isa = PBXFileReference; lastKnownFileType = text.plist.xml; path = Info.plist; sourceTree = "<group>"; };
		D0BB559023D7AAB6007518E0 /* MessengerTests.xctest */ = {isa = PBXFileReference; explicitFileType = wrapper.cfbundle; includeInIndex = 0; path = MessengerTests.xctest; sourceTree = BUILT_PRODUCTS_DIR; };
		D0BB559423D7AAB6007518E0 /* MessengerTests.swift */ = {isa = PBXFileReference; lastKnownFileType = sourcecode.swift; path = MessengerTests.swift; sourceTree = "<group>"; };
		D0BB559623D7AAB6007518E0 /* Info.plist */ = {isa = PBXFileReference; lastKnownFileType = text.plist.xml; path = Info.plist; sourceTree = "<group>"; };
		D0BB559B23D7AAB6007518E0 /* MessengerUITests.xctest */ = {isa = PBXFileReference; explicitFileType = wrapper.cfbundle; includeInIndex = 0; path = MessengerUITests.xctest; sourceTree = BUILT_PRODUCTS_DIR; };
		D0BB559F23D7AAB6007518E0 /* MessengerUITests.swift */ = {isa = PBXFileReference; lastKnownFileType = sourcecode.swift; path = MessengerUITests.swift; sourceTree = "<group>"; };
		D0BB55A123D7AAB6007518E0 /* Info.plist */ = {isa = PBXFileReference; lastKnownFileType = text.plist.xml; path = Info.plist; sourceTree = "<group>"; };
		D0BB55AD23D7ABA1007518E0 /* GoogleService-Info.plist */ = {isa = PBXFileReference; fileEncoding = 4; lastKnownFileType = text.plist.xml; path = "GoogleService-Info.plist"; sourceTree = "<group>"; };
		DC5E5B51AF997CF52B4A4187 /* Pods-Messenger.debug.xcconfig */ = {isa = PBXFileReference; includeInIndex = 1; lastKnownFileType = text.xcconfig; name = "Pods-Messenger.debug.xcconfig"; path = "Target Support Files/Pods-Messenger/Pods-Messenger.debug.xcconfig"; sourceTree = "<group>"; };
/* End PBXFileReference section */

/* Begin PBXFrameworksBuildPhase section */
		D0BB557723D7AAB4007518E0 /* Frameworks */ = {
			isa = PBXFrameworksBuildPhase;
			buildActionMask = 2147483647;
			files = (
				41DFE89A91BC28FF77015D1D /* Pods_Messenger.framework in Frameworks */,
			);
			runOnlyForDeploymentPostprocessing = 0;
		};
		D0BB558D23D7AAB6007518E0 /* Frameworks */ = {
			isa = PBXFrameworksBuildPhase;
			buildActionMask = 2147483647;
			files = (
				D4BFD4BF8D0435DD83D8B307 /* Pods_MessengerTests.framework in Frameworks */,
			);
			runOnlyForDeploymentPostprocessing = 0;
		};
		D0BB559823D7AAB6007518E0 /* Frameworks */ = {
			isa = PBXFrameworksBuildPhase;
			buildActionMask = 2147483647;
			files = (
				7A7B15C77D56998AAA8DCB8A /* Pods_Messenger_MessengerUITests.framework in Frameworks */,
			);
			runOnlyForDeploymentPostprocessing = 0;
		};
/* End PBXFrameworksBuildPhase section */

/* Begin PBXGroup section */
		92FF7D1BCE18FD7FBFA76520 /* Pods */ = {
			isa = PBXGroup;
			children = (
				DC5E5B51AF997CF52B4A4187 /* Pods-Messenger.debug.xcconfig */,
				B96955FFE148D9839DD15871 /* Pods-Messenger.release.xcconfig */,
				88550B7746A1C26FB84CB15D /* Pods-Messenger-MessengerUITests.debug.xcconfig */,
				15F20F0F6BB283E5B4A565BE /* Pods-Messenger-MessengerUITests.release.xcconfig */,
				9DB4E92957F39DDA2C666454 /* Pods-MessengerTests.debug.xcconfig */,
				1B62A5D3353CD5D0D2B5F2EA /* Pods-MessengerTests.release.xcconfig */,
			);
			name = Pods;
			path = Pods;
			sourceTree = "<group>";
		};
		D0BB557123D7AAB3007518E0 = {
			isa = PBXGroup;
			children = (
				D0BB557C23D7AAB4007518E0 /* Messenger */,
				D0BB559323D7AAB6007518E0 /* MessengerTests */,
				D0BB559E23D7AAB6007518E0 /* MessengerUITests */,
				D0BB557B23D7AAB4007518E0 /* Products */,
				92FF7D1BCE18FD7FBFA76520 /* Pods */,
				E848243F1F0D7ED6E9742192 /* Frameworks */,
			);
			sourceTree = "<group>";
		};
		D0BB557B23D7AAB4007518E0 /* Products */ = {
			isa = PBXGroup;
			children = (
				D0BB557A23D7AAB4007518E0 /* Messenger.app */,
				D0BB559023D7AAB6007518E0 /* MessengerTests.xctest */,
				D0BB559B23D7AAB6007518E0 /* MessengerUITests.xctest */,
			);
			name = Products;
			sourceTree = "<group>";
		};
		D0BB557C23D7AAB4007518E0 /* Messenger */ = {
			isa = PBXGroup;
			children = (
				D0BB55AD23D7ABA1007518E0 /* GoogleService-Info.plist */,
				D0BB557D23D7AAB4007518E0 /* AppDelegate.swift */,
				D0BB557F23D7AAB4007518E0 /* SceneDelegate.swift */,
				D0BB558123D7AAB4007518E0 /* ContentView.swift */,
				D0BB558323D7AAB6007518E0 /* Assets.xcassets */,
				D0BB558823D7AAB6007518E0 /* LaunchScreen.storyboard */,
				D0BB558B23D7AAB6007518E0 /* Info.plist */,
				D0BB558523D7AAB6007518E0 /* Preview Content */,
			);
			path = Messenger;
			sourceTree = "<group>";
		};
		D0BB558523D7AAB6007518E0 /* Preview Content */ = {
			isa = PBXGroup;
			children = (
				D0BB558623D7AAB6007518E0 /* Preview Assets.xcassets */,
			);
			path = "Preview Content";
			sourceTree = "<group>";
		};
		D0BB559323D7AAB6007518E0 /* MessengerTests */ = {
			isa = PBXGroup;
			children = (
				D0BB559423D7AAB6007518E0 /* MessengerTests.swift */,
				D0BB559623D7AAB6007518E0 /* Info.plist */,
			);
			path = MessengerTests;
			sourceTree = "<group>";
		};
		D0BB559E23D7AAB6007518E0 /* MessengerUITests */ = {
			isa = PBXGroup;
			children = (
				D0BB559F23D7AAB6007518E0 /* MessengerUITests.swift */,
				D0BB55A123D7AAB6007518E0 /* Info.plist */,
			);
			path = MessengerUITests;
			sourceTree = "<group>";
		};
		E848243F1F0D7ED6E9742192 /* Frameworks */ = {
			isa = PBXGroup;
			children = (
				929F8818FDC768FE5EFF50BB /* Pods_Messenger.framework */,
				8152691FE93FB50D8D978B7A /* Pods_Messenger_MessengerUITests.framework */,
				4D47014C42BAD238165BD939 /* Pods_MessengerTests.framework */,
			);
			name = Frameworks;
			sourceTree = "<group>";
		};
/* End PBXGroup section */

/* Begin PBXNativeTarget section */
		D0BB557923D7AAB4007518E0 /* Messenger */ = {
			isa = PBXNativeTarget;
			buildConfigurationList = D0BB55A423D7AAB6007518E0 /* Build configuration list for PBXNativeTarget "Messenger" */;
			buildPhases = (
				DB94F1E6C4680A9DCDCA82DD /* [CP] Check Pods Manifest.lock */,
				D0BB557623D7AAB4007518E0 /* Sources */,
				D0BB557723D7AAB4007518E0 /* Frameworks */,
				D0BB557823D7AAB4007518E0 /* Resources */,
				62C3BE8FC25A93B6D3A63526 /* [CP] Embed Pods Frameworks */,
			);
			buildRules = (
			);
			dependencies = (
			);
			name = Messenger;
			productName = Messenger;
			productReference = D0BB557A23D7AAB4007518E0 /* Messenger.app */;
			productType = "com.apple.product-type.application";
		};
		D0BB558F23D7AAB6007518E0 /* MessengerTests */ = {
			isa = PBXNativeTarget;
			buildConfigurationList = D0BB55A723D7AAB6007518E0 /* Build configuration list for PBXNativeTarget "MessengerTests" */;
			buildPhases = (
				D25F54AA5D12E1E7E79F392D /* [CP] Check Pods Manifest.lock */,
				D0BB558C23D7AAB6007518E0 /* Sources */,
				D0BB558D23D7AAB6007518E0 /* Frameworks */,
				D0BB558E23D7AAB6007518E0 /* Resources */,
			);
			buildRules = (
			);
			dependencies = (
				D0BB559223D7AAB6007518E0 /* PBXTargetDependency */,
			);
			name = MessengerTests;
			productName = MessengerTests;
			productReference = D0BB559023D7AAB6007518E0 /* MessengerTests.xctest */;
			productType = "com.apple.product-type.bundle.unit-test";
		};
		D0BB559A23D7AAB6007518E0 /* MessengerUITests */ = {
			isa = PBXNativeTarget;
			buildConfigurationList = D0BB55AA23D7AAB6007518E0 /* Build configuration list for PBXNativeTarget "MessengerUITests" */;
			buildPhases = (
				0C50C6A6FD673E668DC3FBE5 /* [CP] Check Pods Manifest.lock */,
				D0BB559723D7AAB6007518E0 /* Sources */,
				D0BB559823D7AAB6007518E0 /* Frameworks */,
				D0BB559923D7AAB6007518E0 /* Resources */,
				74738D1F86C0E00499DDD6F2 /* [CP] Embed Pods Frameworks */,
			);
			buildRules = (
			);
			dependencies = (
				D0BB559D23D7AAB6007518E0 /* PBXTargetDependency */,
			);
			name = MessengerUITests;
			productName = MessengerUITests;
			productReference = D0BB559B23D7AAB6007518E0 /* MessengerUITests.xctest */;
			productType = "com.apple.product-type.bundle.ui-testing";
		};
/* End PBXNativeTarget section */

/* Begin PBXProject section */
		D0BB557223D7AAB3007518E0 /* Project object */ = {
			isa = PBXProject;
			attributes = {
				LastSwiftUpdateCheck = 1130;
				LastUpgradeCheck = 1130;
				ORGANIZATIONNAME = "Jadan Morrow";
				TargetAttributes = {
					D0BB557923D7AAB4007518E0 = {
						CreatedOnToolsVersion = 11.3.1;
					};
					D0BB558F23D7AAB6007518E0 = {
						CreatedOnToolsVersion = 11.3.1;
						TestTargetID = D0BB557923D7AAB4007518E0;
					};
					D0BB559A23D7AAB6007518E0 = {
						CreatedOnToolsVersion = 11.3.1;
						TestTargetID = D0BB557923D7AAB4007518E0;
					};
				};
			};
			buildConfigurationList = D0BB557523D7AAB3007518E0 /* Build configuration list for PBXProject "Messenger" */;
			compatibilityVersion = "Xcode 9.3";
			developmentRegion = en;
			hasScannedForEncodings = 0;
			knownRegions = (
				en,
				Base,
			);
			mainGroup = D0BB557123D7AAB3007518E0;
			productRefGroup = D0BB557B23D7AAB4007518E0 /* Products */;
			projectDirPath = "";
			projectRoot = "";
			targets = (
				D0BB557923D7AAB4007518E0 /* Messenger */,
				D0BB558F23D7AAB6007518E0 /* MessengerTests */,
				D0BB559A23D7AAB6007518E0 /* MessengerUITests */,
			);
		};
/* End PBXProject section */

/* Begin PBXResourcesBuildPhase section */
		D0BB557823D7AAB4007518E0 /* Resources */ = {
			isa = PBXResourcesBuildPhase;
			buildActionMask = 2147483647;
			files = (
				D0BB558A23D7AAB6007518E0 /* LaunchScreen.storyboard in Resources */,
				D0BB55AE23D7ABA1007518E0 /* GoogleService-Info.plist in Resources */,
				D0BB558723D7AAB6007518E0 /* Preview Assets.xcassets in Resources */,
				D0BB558423D7AAB6007518E0 /* Assets.xcassets in Resources */,
			);
			runOnlyForDeploymentPostprocessing = 0;
		};
		D0BB558E23D7AAB6007518E0 /* Resources */ = {
			isa = PBXResourcesBuildPhase;
			buildActionMask = 2147483647;
			files = (
			);
			runOnlyForDeploymentPostprocessing = 0;
		};
		D0BB559923D7AAB6007518E0 /* Resources */ = {
			isa = PBXResourcesBuildPhase;
			buildActionMask = 2147483647;
			files = (
			);
			runOnlyForDeploymentPostprocessing = 0;
		};
/* End PBXResourcesBuildPhase section */

/* Begin PBXShellScriptBuildPhase section */
		0C50C6A6FD673E668DC3FBE5 /* [CP] Check Pods Manifest.lock */ = {
			isa = PBXShellScriptBuildPhase;
			buildActionMask = 2147483647;
			files = (
			);
			inputFileListPaths = (
			);
			inputPaths = (
				"${PODS_PODFILE_DIR_PATH}/Podfile.lock",
				"${PODS_ROOT}/Manifest.lock",
			);
			name = "[CP] Check Pods Manifest.lock";
			outputFileListPaths = (
			);
			outputPaths = (
				"$(DERIVED_FILE_DIR)/Pods-Messenger-MessengerUITests-checkManifestLockResult.txt",
			);
			runOnlyForDeploymentPostprocessing = 0;
			shellPath = /bin/sh;
			shellScript = "diff \"${PODS_PODFILE_DIR_PATH}/Podfile.lock\" \"${PODS_ROOT}/Manifest.lock\" > /dev/null\nif [ $? != 0 ] ; then\n    # print error to STDERR\n    echo \"error: The sandbox is not in sync with the Podfile.lock. Run 'pod install' or update your CocoaPods installation.\" >&2\n    exit 1\nfi\n# This output is used by Xcode 'outputs' to avoid re-running this script phase.\necho \"SUCCESS\" > \"${SCRIPT_OUTPUT_FILE_0}\"\n";
			showEnvVarsInLog = 0;
		};
		62C3BE8FC25A93B6D3A63526 /* [CP] Embed Pods Frameworks */ = {
			isa = PBXShellScriptBuildPhase;
			buildActionMask = 2147483647;
			files = (
			);
			inputFileListPaths = (
				"${PODS_ROOT}/Target Support Files/Pods-Messenger/Pods-Messenger-frameworks-${CONFIGURATION}-input-files.xcfilelist",
			);
			name = "[CP] Embed Pods Frameworks";
			outputFileListPaths = (
				"${PODS_ROOT}/Target Support Files/Pods-Messenger/Pods-Messenger-frameworks-${CONFIGURATION}-output-files.xcfilelist",
			);
			runOnlyForDeploymentPostprocessing = 0;
			shellPath = /bin/sh;
			shellScript = "\"${PODS_ROOT}/Target Support Files/Pods-Messenger/Pods-Messenger-frameworks.sh\"\n";
			showEnvVarsInLog = 0;
		};
		74738D1F86C0E00499DDD6F2 /* [CP] Embed Pods Frameworks */ = {
			isa = PBXShellScriptBuildPhase;
			buildActionMask = 2147483647;
			files = (
			);
			inputFileListPaths = (
				"${PODS_ROOT}/Target Support Files/Pods-Messenger-MessengerUITests/Pods-Messenger-MessengerUITests-frameworks-${CONFIGURATION}-input-files.xcfilelist",
			);
			name = "[CP] Embed Pods Frameworks";
			outputFileListPaths = (
				"${PODS_ROOT}/Target Support Files/Pods-Messenger-MessengerUITests/Pods-Messenger-MessengerUITests-frameworks-${CONFIGURATION}-output-files.xcfilelist",
			);
			runOnlyForDeploymentPostprocessing = 0;
			shellPath = /bin/sh;
			shellScript = "\"${PODS_ROOT}/Target Support Files/Pods-Messenger-MessengerUITests/Pods-Messenger-MessengerUITests-frameworks.sh\"\n";
			showEnvVarsInLog = 0;
		};
		D25F54AA5D12E1E7E79F392D /* [CP] Check Pods Manifest.lock */ = {
			isa = PBXShellScriptBuildPhase;
			buildActionMask = 2147483647;
			files = (
			);
			inputFileListPaths = (
			);
			inputPaths = (
				"${PODS_PODFILE_DIR_PATH}/Podfile.lock",
				"${PODS_ROOT}/Manifest.lock",
			);
			name = "[CP] Check Pods Manifest.lock";
			outputFileListPaths = (
			);
			outputPaths = (
				"$(DERIVED_FILE_DIR)/Pods-MessengerTests-checkManifestLockResult.txt",
			);
			runOnlyForDeploymentPostprocessing = 0;
			shellPath = /bin/sh;
			shellScript = "diff \"${PODS_PODFILE_DIR_PATH}/Podfile.lock\" \"${PODS_ROOT}/Manifest.lock\" > /dev/null\nif [ $? != 0 ] ; then\n    # print error to STDERR\n    echo \"error: The sandbox is not in sync with the Podfile.lock. Run 'pod install' or update your CocoaPods installation.\" >&2\n    exit 1\nfi\n# This output is used by Xcode 'outputs' to avoid re-running this script phase.\necho \"SUCCESS\" > \"${SCRIPT_OUTPUT_FILE_0}\"\n";
			showEnvVarsInLog = 0;
		};
		DB94F1E6C4680A9DCDCA82DD /* [CP] Check Pods Manifest.lock */ = {
			isa = PBXShellScriptBuildPhase;
			buildActionMask = 2147483647;
			files = (
			);
			inputFileListPaths = (
			);
			inputPaths = (
				"${PODS_PODFILE_DIR_PATH}/Podfile.lock",
				"${PODS_ROOT}/Manifest.lock",
			);
			name = "[CP] Check Pods Manifest.lock";
			outputFileListPaths = (
			);
			outputPaths = (
				"$(DERIVED_FILE_DIR)/Pods-Messenger-checkManifestLockResult.txt",
			);
			runOnlyForDeploymentPostprocessing = 0;
			shellPath = /bin/sh;
			shellScript = "diff \"${PODS_PODFILE_DIR_PATH}/Podfile.lock\" \"${PODS_ROOT}/Manifest.lock\" > /dev/null\nif [ $? != 0 ] ; then\n    # print error to STDERR\n    echo \"error: The sandbox is not in sync with the Podfile.lock. Run 'pod install' or update your CocoaPods installation.\" >&2\n    exit 1\nfi\n# This output is used by Xcode 'outputs' to avoid re-running this script phase.\necho \"SUCCESS\" > \"${SCRIPT_OUTPUT_FILE_0}\"\n";
			showEnvVarsInLog = 0;
		};
/* End PBXShellScriptBuildPhase section */

/* Begin PBXSourcesBuildPhase section */
		D0BB557623D7AAB4007518E0 /* Sources */ = {
			isa = PBXSourcesBuildPhase;
			buildActionMask = 2147483647;
			files = (
				D0BB557E23D7AAB4007518E0 /* AppDelegate.swift in Sources */,
				D0BB558023D7AAB4007518E0 /* SceneDelegate.swift in Sources */,
				D0BB558223D7AAB4007518E0 /* ContentView.swift in Sources */,
			);
			runOnlyForDeploymentPostprocessing = 0;
		};
		D0BB558C23D7AAB6007518E0 /* Sources */ = {
			isa = PBXSourcesBuildPhase;
			buildActionMask = 2147483647;
			files = (
				D0BB559523D7AAB6007518E0 /* MessengerTests.swift in Sources */,
			);
			runOnlyForDeploymentPostprocessing = 0;
		};
		D0BB559723D7AAB6007518E0 /* Sources */ = {
			isa = PBXSourcesBuildPhase;
			buildActionMask = 2147483647;
			files = (
				D0BB55A023D7AAB6007518E0 /* MessengerUITests.swift in Sources */,
			);
			runOnlyForDeploymentPostprocessing = 0;
		};
/* End PBXSourcesBuildPhase section */

/* Begin PBXTargetDependency section */
		D0BB559223D7AAB6007518E0 /* PBXTargetDependency */ = {
			isa = PBXTargetDependency;
			target = D0BB557923D7AAB4007518E0 /* Messenger */;
			targetProxy = D0BB559123D7AAB6007518E0 /* PBXContainerItemProxy */;
		};
		D0BB559D23D7AAB6007518E0 /* PBXTargetDependency */ = {
			isa = PBXTargetDependency;
			target = D0BB557923D7AAB4007518E0 /* Messenger */;
			targetProxy = D0BB559C23D7AAB6007518E0 /* PBXContainerItemProxy */;
		};
/* End PBXTargetDependency section */

/* Begin PBXVariantGroup section */
		D0BB558823D7AAB6007518E0 /* LaunchScreen.storyboard */ = {
			isa = PBXVariantGroup;
			children = (
				D0BB558923D7AAB6007518E0 /* Base */,
			);
			name = LaunchScreen.storyboard;
			sourceTree = "<group>";
		};
/* End PBXVariantGroup section */

/* Begin XCBuildConfiguration section */
		D0BB55A223D7AAB6007518E0 /* Debug */ = {
			isa = XCBuildConfiguration;
			buildSettings = {
				ALWAYS_SEARCH_USER_PATHS = NO;
				CLANG_ANALYZER_NONNULL = YES;
				CLANG_ANALYZER_NUMBER_OBJECT_CONVERSION = YES_AGGRESSIVE;
				CLANG_CXX_LANGUAGE_STANDARD = "gnu++14";
				CLANG_CXX_LIBRARY = "libc++";
				CLANG_ENABLE_MODULES = YES;
				CLANG_ENABLE_OBJC_ARC = YES;
				CLANG_ENABLE_OBJC_WEAK = YES;
				CLANG_WARN_BLOCK_CAPTURE_AUTORELEASING = YES;
				CLANG_WARN_BOOL_CONVERSION = YES;
				CLANG_WARN_COMMA = YES;
				CLANG_WARN_CONSTANT_CONVERSION = YES;
				CLANG_WARN_DEPRECATED_OBJC_IMPLEMENTATIONS = YES;
				CLANG_WARN_DIRECT_OBJC_ISA_USAGE = YES_ERROR;
				CLANG_WARN_DOCUMENTATION_COMMENTS = YES;
				CLANG_WARN_EMPTY_BODY = YES;
				CLANG_WARN_ENUM_CONVERSION = YES;
				CLANG_WARN_INFINITE_RECURSION = YES;
				CLANG_WARN_INT_CONVERSION = YES;
				CLANG_WARN_NON_LITERAL_NULL_CONVERSION = YES;
				CLANG_WARN_OBJC_IMPLICIT_RETAIN_SELF = YES;
				CLANG_WARN_OBJC_LITERAL_CONVERSION = YES;
				CLANG_WARN_OBJC_ROOT_CLASS = YES_ERROR;
				CLANG_WARN_RANGE_LOOP_ANALYSIS = YES;
				CLANG_WARN_STRICT_PROTOTYPES = YES;
				CLANG_WARN_SUSPICIOUS_MOVE = YES;
				CLANG_WARN_UNGUARDED_AVAILABILITY = YES_AGGRESSIVE;
				CLANG_WARN_UNREACHABLE_CODE = YES;
				CLANG_WARN__DUPLICATE_METHOD_MATCH = YES;
				COPY_PHASE_STRIP = NO;
				DEBUG_INFORMATION_FORMAT = dwarf;
				ENABLE_STRICT_OBJC_MSGSEND = YES;
				ENABLE_TESTABILITY = YES;
				GCC_C_LANGUAGE_STANDARD = gnu11;
				GCC_DYNAMIC_NO_PIC = NO;
				GCC_NO_COMMON_BLOCKS = YES;
				GCC_OPTIMIZATION_LEVEL = 0;
				GCC_PREPROCESSOR_DEFINITIONS = (
					"DEBUG=1",
					"$(inherited)",
				);
				GCC_WARN_64_TO_32_BIT_CONVERSION = YES;
				GCC_WARN_ABOUT_RETURN_TYPE = YES_ERROR;
				GCC_WARN_UNDECLARED_SELECTOR = YES;
				GCC_WARN_UNINITIALIZED_AUTOS = YES_AGGRESSIVE;
				GCC_WARN_UNUSED_FUNCTION = YES;
				GCC_WARN_UNUSED_VARIABLE = YES;
				IPHONEOS_DEPLOYMENT_TARGET = 13.2;
				MTL_ENABLE_DEBUG_INFO = INCLUDE_SOURCE;
				MTL_FAST_MATH = YES;
				ONLY_ACTIVE_ARCH = YES;
				SDKROOT = iphoneos;
				SWIFT_ACTIVE_COMPILATION_CONDITIONS = DEBUG;
				SWIFT_OPTIMIZATION_LEVEL = "-Onone";
			};
			name = Debug;
		};
		D0BB55A323D7AAB6007518E0 /* Release */ = {
			isa = XCBuildConfiguration;
			buildSettings = {
				ALWAYS_SEARCH_USER_PATHS = NO;
				CLANG_ANALYZER_NONNULL = YES;
				CLANG_ANALYZER_NUMBER_OBJECT_CONVERSION = YES_AGGRESSIVE;
				CLANG_CXX_LANGUAGE_STANDARD = "gnu++14";
				CLANG_CXX_LIBRARY = "libc++";
				CLANG_ENABLE_MODULES = YES;
				CLANG_ENABLE_OBJC_ARC = YES;
				CLANG_ENABLE_OBJC_WEAK = YES;
				CLANG_WARN_BLOCK_CAPTURE_AUTORELEASING = YES;
				CLANG_WARN_BOOL_CONVERSION = YES;
				CLANG_WARN_COMMA = YES;
				CLANG_WARN_CONSTANT_CONVERSION = YES;
				CLANG_WARN_DEPRECATED_OBJC_IMPLEMENTATIONS = YES;
				CLANG_WARN_DIRECT_OBJC_ISA_USAGE = YES_ERROR;
				CLANG_WARN_DOCUMENTATION_COMMENTS = YES;
				CLANG_WARN_EMPTY_BODY = YES;
				CLANG_WARN_ENUM_CONVERSION = YES;
				CLANG_WARN_INFINITE_RECURSION = YES;
				CLANG_WARN_INT_CONVERSION = YES;
				CLANG_WARN_NON_LITERAL_NULL_CONVERSION = YES;
				CLANG_WARN_OBJC_IMPLICIT_RETAIN_SELF = YES;
				CLANG_WARN_OBJC_LITERAL_CONVERSION = YES;
				CLANG_WARN_OBJC_ROOT_CLASS = YES_ERROR;
				CLANG_WARN_RANGE_LOOP_ANALYSIS = YES;
				CLANG_WARN_STRICT_PROTOTYPES = YES;
				CLANG_WARN_SUSPICIOUS_MOVE = YES;
				CLANG_WARN_UNGUARDED_AVAILABILITY = YES_AGGRESSIVE;
				CLANG_WARN_UNREACHABLE_CODE = YES;
				CLANG_WARN__DUPLICATE_METHOD_MATCH = YES;
				COPY_PHASE_STRIP = NO;
				DEBUG_INFORMATION_FORMAT = "dwarf-with-dsym";
				ENABLE_NS_ASSERTIONS = NO;
				ENABLE_STRICT_OBJC_MSGSEND = YES;
				GCC_C_LANGUAGE_STANDARD = gnu11;
				GCC_NO_COMMON_BLOCKS = YES;
				GCC_WARN_64_TO_32_BIT_CONVERSION = YES;
				GCC_WARN_ABOUT_RETURN_TYPE = YES_ERROR;
				GCC_WARN_UNDECLARED_SELECTOR = YES;
				GCC_WARN_UNINITIALIZED_AUTOS = YES_AGGRESSIVE;
				GCC_WARN_UNUSED_FUNCTION = YES;
				GCC_WARN_UNUSED_VARIABLE = YES;
				IPHONEOS_DEPLOYMENT_TARGET = 13.2;
				MTL_ENABLE_DEBUG_INFO = NO;
				MTL_FAST_MATH = YES;
				SDKROOT = iphoneos;
				SWIFT_COMPILATION_MODE = wholemodule;
				SWIFT_OPTIMIZATION_LEVEL = "-O";
				VALIDATE_PRODUCT = YES;
			};
			name = Release;
		};
		D0BB55A523D7AAB6007518E0 /* Debug */ = {
			isa = XCBuildConfiguration;
			baseConfigurationReference = DC5E5B51AF997CF52B4A4187 /* Pods-Messenger.debug.xcconfig */;
			buildSettings = {
				ASSETCATALOG_COMPILER_APPICON_NAME = AppIcon;
				CODE_SIGN_STYLE = Automatic;
				DEVELOPMENT_ASSET_PATHS = "\"Messenger/Preview Content\"";
				DEVELOPMENT_TEAM = WY7BK98ZA2;
				ENABLE_PREVIEWS = YES;
				INFOPLIST_FILE = Messenger/Info.plist;
				LD_RUNPATH_SEARCH_PATHS = (
					"$(inherited)",
					"@executable_path/Frameworks",
				);
				PRODUCT_BUNDLE_IDENTIFIER = Jadan.Messenger;
				PRODUCT_NAME = "$(TARGET_NAME)";
				SWIFT_VERSION = 5.0;
				TARGETED_DEVICE_FAMILY = "1,2";
			};
			name = Debug;
		};
		D0BB55A623D7AAB6007518E0 /* Release */ = {
			isa = XCBuildConfiguration;
			baseConfigurationReference = B96955FFE148D9839DD15871 /* Pods-Messenger.release.xcconfig */;
			buildSettings = {
				ASSETCATALOG_COMPILER_APPICON_NAME = AppIcon;
				CODE_SIGN_STYLE = Automatic;
				DEVELOPMENT_ASSET_PATHS = "\"Messenger/Preview Content\"";
				DEVELOPMENT_TEAM = WY7BK98ZA2;
				ENABLE_PREVIEWS = YES;
				INFOPLIST_FILE = Messenger/Info.plist;
				LD_RUNPATH_SEARCH_PATHS = (
					"$(inherited)",
					"@executable_path/Frameworks",
				);
				PRODUCT_BUNDLE_IDENTIFIER = Jadan.Messenger;
				PRODUCT_NAME = "$(TARGET_NAME)";
				SWIFT_VERSION = 5.0;
				TARGETED_DEVICE_FAMILY = "1,2";
			};
			name = Release;
		};
		D0BB55A823D7AAB6007518E0 /* Debug */ = {
			isa = XCBuildConfiguration;
			baseConfigurationReference = 9DB4E92957F39DDA2C666454 /* Pods-MessengerTests.debug.xcconfig */;
			buildSettings = {
				ALWAYS_EMBED_SWIFT_STANDARD_LIBRARIES = YES;
				BUNDLE_LOADER = "$(TEST_HOST)";
				CODE_SIGN_STYLE = Automatic;
				DEVELOPMENT_TEAM = WY7BK98ZA2;
				INFOPLIST_FILE = MessengerTests/Info.plist;
				IPHONEOS_DEPLOYMENT_TARGET = 13.2;
				LD_RUNPATH_SEARCH_PATHS = (
					"$(inherited)",
					"@executable_path/Frameworks",
					"@loader_path/Frameworks",
				);
				PRODUCT_BUNDLE_IDENTIFIER = Jadan.MessengerTests;
				PRODUCT_NAME = "$(TARGET_NAME)";
				SWIFT_VERSION = 5.0;
				TARGETED_DEVICE_FAMILY = "1,2";
				TEST_HOST = "$(BUILT_PRODUCTS_DIR)/Messenger.app/Messenger";
			};
			name = Debug;
		};
		D0BB55A923D7AAB6007518E0 /* Release */ = {
			isa = XCBuildConfiguration;
			baseConfigurationReference = 1B62A5D3353CD5D0D2B5F2EA /* Pods-MessengerTests.release.xcconfig */;
			buildSettings = {
				ALWAYS_EMBED_SWIFT_STANDARD_LIBRARIES = YES;
				BUNDLE_LOADER = "$(TEST_HOST)";
				CODE_SIGN_STYLE = Automatic;
				DEVELOPMENT_TEAM = WY7BK98ZA2;
				INFOPLIST_FILE = MessengerTests/Info.plist;
				IPHONEOS_DEPLOYMENT_TARGET = 13.2;
				LD_RUNPATH_SEARCH_PATHS = (
					"$(inherited)",
					"@executable_path/Frameworks",
					"@loader_path/Frameworks",
				);
				PRODUCT_BUNDLE_IDENTIFIER = Jadan.MessengerTests;
				PRODUCT_NAME = "$(TARGET_NAME)";
				SWIFT_VERSION = 5.0;
				TARGETED_DEVICE_FAMILY = "1,2";
				TEST_HOST = "$(BUILT_PRODUCTS_DIR)/Messenger.app/Messenger";
			};
			name = Release;
		};
		D0BB55AB23D7AAB6007518E0 /* Debug */ = {
			isa = XCBuildConfiguration;
			baseConfigurationReference = 88550B7746A1C26FB84CB15D /* Pods-Messenger-MessengerUITests.debug.xcconfig */;
			buildSettings = {
				ALWAYS_EMBED_SWIFT_STANDARD_LIBRARIES = YES;
				CODE_SIGN_STYLE = Automatic;
				DEVELOPMENT_TEAM = WY7BK98ZA2;
				INFOPLIST_FILE = MessengerUITests/Info.plist;
				LD_RUNPATH_SEARCH_PATHS = (
					"$(inherited)",
					"@executable_path/Frameworks",
					"@loader_path/Frameworks",
				);
				PRODUCT_BUNDLE_IDENTIFIER = Jadan.MessengerUITests;
				PRODUCT_NAME = "$(TARGET_NAME)";
				SWIFT_VERSION = 5.0;
				TARGETED_DEVICE_FAMILY = "1,2";
				TEST_TARGET_NAME = Messenger;
			};
			name = Debug;
		};
		D0BB55AC23D7AAB6007518E0 /* Release */ = {
			isa = XCBuildConfiguration;
			baseConfigurationReference = 15F20F0F6BB283E5B4A565BE /* Pods-Messenger-MessengerUITests.release.xcconfig */;
			buildSettings = {
				ALWAYS_EMBED_SWIFT_STANDARD_LIBRARIES = YES;
				CODE_SIGN_STYLE = Automatic;
				DEVELOPMENT_TEAM = WY7BK98ZA2;
				INFOPLIST_FILE = MessengerUITests/Info.plist;
				LD_RUNPATH_SEARCH_PATHS = (
					"$(inherited)",
					"@executable_path/Frameworks",
					"@loader_path/Frameworks",
				);
				PRODUCT_BUNDLE_IDENTIFIER = Jadan.MessengerUITests;
				PRODUCT_NAME = "$(TARGET_NAME)";
				SWIFT_VERSION = 5.0;
				TARGETED_DEVICE_FAMILY = "1,2";
				TEST_TARGET_NAME = Messenger;
			};
			name = Release;
		};
/* End XCBuildConfiguration section */

/* Begin XCConfigurationList section */
		D0BB557523D7AAB3007518E0 /* Build configuration list for PBXProject "Messenger" */ = {
			isa = XCConfigurationList;
			buildConfigurations = (
				D0BB55A223D7AAB6007518E0 /* Debug */,
				D0BB55A323D7AAB6007518E0 /* Release */,
			);
			defaultConfigurationIsVisible = 0;
			defaultConfigurationName = Release;
		};
		D0BB55A423D7AAB6007518E0 /* Build configuration list for PBXNativeTarget "Messenger" */ = {
			isa = XCConfigurationList;
			buildConfigurations = (
				D0BB55A523D7AAB6007518E0 /* Debug */,
				D0BB55A623D7AAB6007518E0 /* Release */,
			);
			defaultConfigurationIsVisible = 0;
			defaultConfigurationName = Release;
		};
		D0BB55A723D7AAB6007518E0 /* Build configuration list for PBXNativeTarget "MessengerTests" */ = {
			isa = XCConfigurationList;
			buildConfigurations = (
				D0BB55A823D7AAB6007518E0 /* Debug */,
				D0BB55A923D7AAB6007518E0 /* Release */,
			);
			defaultConfigurationIsVisible = 0;
			defaultConfigurationName = Release;
		};
		D0BB55AA23D7AAB6007518E0 /* Build configuration list for PBXNativeTarget "MessengerUITests" */ = {
			isa = XCConfigurationList;
			buildConfigurations = (
				D0BB55AB23D7AAB6007518E0 /* Debug */,
				D0BB55AC23D7AAB6007518E0 /* Release */,
			);
			defaultConfigurationIsVisible = 0;
			defaultConfigurationName = Release;
		};
/* End XCConfigurationList section */
	};
	rootObject = D0BB557223D7AAB3007518E0 /* Project object */;
}
